# This file is automatically @generated by Cargo.
# It is not intended for manual editing.
[[package]]
name = "assemblylift-awslambda-guest"
version = "0.2.1"
source = "registry+https://github.com/rust-lang/crates.io-index"
checksum = "b56bca163a73755f06cb77473f032a886f0f624545464cff71d75b5d4f12ed57"
dependencies = [
 "assemblylift-core-guest",
 "assemblylift-core-io-guest 0.2.0",
 "direct-executor",
 "serde",
 "serde_json",
]

[[package]]
name = "assemblylift-core-guest"
version = "0.2.0"
source = "registry+https://github.com/rust-lang/crates.io-index"
checksum = "200cd617bff4abac1b45af0ecbfe881ccebf357b9a7bc6b13f229d22a209fbfd"
dependencies = [
 "paste",
]

[[package]]
name = "assemblylift-core-io-common"
version = "0.2.0"
source = "registry+https://github.com/rust-lang/crates.io-index"
checksum = "02d8ad05b439cbbe9c029e0e4b6298ef1fa49dd1f23981ae5769e9123a9a1b32"
dependencies = [
 "serde",
]

[[package]]
name = "assemblylift-core-io-guest"
version = "0.1.0"
source = "registry+https://github.com/rust-lang/crates.io-index"
checksum = "5b20689dade93b96ebc156147ca9c86d2b8d64170615b61cb74c6160ebfd440d"
dependencies = [
 "assemblylift-core-io-common",
 "futures",
 "lazy_static",
 "serde",
 "serde_json",
]

[[package]]
name = "assemblylift-core-io-guest"
version = "0.2.0"
source = "registry+https://github.com/rust-lang/crates.io-index"
checksum = "36f85d6103ee903ac729ec69639f447f6f496633ddc0aa38de7fc22c068ee06e"
dependencies = [
 "assemblylift-core-io-common",
 "futures",
 "lazy_static",
 "serde",
 "serde_json",
]

[[package]]
name = "assemblylift-core-iomod-guest"
version = "0.2.0"
source = "registry+https://github.com/rust-lang/crates.io-index"
checksum = "63e743cfd0978c79067008117b1de642660f8ba809acb9648d6a078c09c7b723"

[[package]]
name = "assemblylift-iomod-dynamodb-guest"
version = "0.1.1"
source = "registry+https://github.com/rust-lang/crates.io-index"
checksum = "15b839eebe35de0dc0460de7a0fdefda3e69a9664671f1a8ce9f2fce496e038e"
dependencies = [
 "assemblylift-core-io-guest 0.1.0",
 "assemblylift-core-iomod-guest",
 "base64",
 "bytes",
 "serde",
 "serde_json",
]

[[package]]
name = "base64"
version = "0.12.3"
source = "registry+https://github.com/rust-lang/crates.io-index"
checksum = "3441f0f7b02788e948e47f457ca01f1d7e6d92c693bc132c22b087d3141c03ff"

[[package]]
name = "bytes"
version = "0.5.6"
source = "registry+https://github.com/rust-lang/crates.io-index"
checksum = "0e4cec68f03f32e44924783795810fa50a7035d8c8ebe78580ad7e6c703fba38"

[[package]]
name = "delete"
version = "0.0.0"
dependencies = [
 "assemblylift-awslambda-guest",
 "assemblylift-core-guest",
 "assemblylift-core-io-guest 0.2.0",
 "assemblylift-iomod-dynamodb-guest",
 "direct-executor",
 "serde",
 "serde_json",
]

[[package]]
name = "direct-executor"
version = "0.3.0"
source = "registry+https://github.com/rust-lang/crates.io-index"
checksum = "9ef2a1d8bd8587501e47ad4462e0f8f4df40d127091c6f9f57bdbd59f8fbbf8d"
dependencies = [
 "pin-utils",
]

[[package]]
name = "futures"
version = "0.3.5"
source = "registry+https://github.com/rust-lang/crates.io-index"
checksum = "1e05b85ec287aac0dc34db7d4a569323df697f9c55b99b15d6b4ef8cde49f613"
dependencies = [
 "futures-channel",
 "futures-core",
 "futures-executor",
 "futures-io",
 "futures-sink",
 "futures-task",
 "futures-util",
]

[[package]]
name = "futures-channel"
version = "0.3.5"
source = "registry+https://github.com/rust-lang/crates.io-index"
checksum = "f366ad74c28cca6ba456d95e6422883cfb4b252a83bed929c83abfdbbf2967d5"
dependencies = [
 "futures-core",
 "futures-sink",
]

[[package]]
name = "futures-core"
version = "0.3.5"
source = "registry+https://github.com/rust-lang/crates.io-index"
checksum = "59f5fff90fd5d971f936ad674802482ba441b6f09ba5e15fd8b39145582ca399"

[[package]]
name = "futures-executor"
version = "0.3.5"
source = "registry+https://github.com/rust-lang/crates.io-index"
checksum = "10d6bb888be1153d3abeb9006b11b02cf5e9b209fda28693c31ae1e4e012e314"
dependencies = [
 "futures-core",
 "futures-task",
 "futures-util",
]

[[package]]
name = "futures-io"
version = "0.3.5"
source = "registry+https://github.com/rust-lang/crates.io-index"
checksum = "de27142b013a8e869c14957e6d2edeef89e97c289e69d042ee3a49acd8b51789"

[[package]]
name = "futures-macro"
version = "0.3.5"
source = "registry+https://github.com/rust-lang/crates.io-index"
checksum = "d0b5a30a4328ab5473878237c447333c093297bded83a4983d10f4deea240d39"
dependencies = [
 "proc-macro-hack",
 "proc-macro2",
 "quote",
 "syn",
]

[[package]]
name = "futures-sink"
version = "0.3.5"
source = "registry+https://github.com/rust-lang/crates.io-index"
checksum = "3f2032893cb734c7a05d85ce0cc8b8c4075278e93b24b66f9de99d6eb0fa8acc"

[[package]]
name = "futures-task"
version = "0.3.5"
source = "registry+https://github.com/rust-lang/crates.io-index"
checksum = "bdb66b5f09e22019b1ab0830f7785bcea8e7a42148683f99214f73f8ec21a626"
dependencies = [
 "once_cell",
]

[[package]]
name = "futures-util"
version = "0.3.5"
source = "registry+https://github.com/rust-lang/crates.io-index"
checksum = "8764574ff08b701a084482c3c7031349104b07ac897393010494beaa18ce32c6"
dependencies = [
 "futures-channel",
 "futures-core",
 "futures-io",
 "futures-macro",
 "futures-sink",
 "futures-task",
 "memchr",
 "pin-project",
 "pin-utils",
 "proc-macro-hack",
 "proc-macro-nested",
 "slab",
]

[[package]]
name = "itoa"
version = "0.4.6"
source = "registry+https://github.com/rust-lang/crates.io-index"
checksum = "dc6f3ad7b9d11a0c00842ff8de1b60ee58661048eb8049ed33c73594f359d7e6"

[[package]]
name = "lazy_static"
version = "1.4.0"
source = "registry+https://github.com/rust-lang/crates.io-index"
checksum = "e2abad23fbc42b3700f2f279844dc832adb2b2eb069b2df918f455c4e18cc646"

[[package]]
name = "memchr"
version = "2.3.3"
source = "registry+https://github.com/rust-lang/crates.io-index"
checksum = "3728d817d99e5ac407411fa471ff9800a778d88a24685968b36824eaf4bee400"

[[package]]
name = "once_cell"
version = "1.4.1"
source = "registry+https://github.com/rust-lang/crates.io-index"
checksum = "260e51e7efe62b592207e9e13a68e43692a7a279171d6ba57abd208bf23645ad"

[[package]]
name = "paste"
version = "0.1.18"
source = "registry+https://github.com/rust-lang/crates.io-index"
checksum = "45ca20c77d80be666aef2b45486da86238fabe33e38306bd3118fe4af33fa880"
dependencies = [
 "paste-impl",
 "proc-macro-hack",
]

[[package]]
name = "paste-impl"
version = "0.1.18"
source = "registry+https://github.com/rust-lang/crates.io-index"
checksum = "d95a7db200b97ef370c8e6de0088252f7e0dfff7d047a28528e47456c0fc98b6"
dependencies = [
 "proc-macro-hack",
]

[[package]]
name = "pin-project"
version = "0.4.26"
source = "registry+https://github.com/rust-lang/crates.io-index"
checksum = "13fbdfd6bdee3dc9be46452f86af4a4072975899cf8592466668620bebfbcc17"
dependencies = [
 "pin-project-internal",
]

[[package]]
name = "pin-project-internal"
version = "0.4.26"
source = "registry+https://github.com/rust-lang/crates.io-index"
checksum = "c82fb1329f632c3552cf352d14427d57a511b1cf41db93b3a7d77906a82dcc8e"
dependencies = [
 "proc-macro2",
 "quote",
 "syn",
]

[[package]]
name = "pin-utils"
version = "0.1.0"
source = "registry+https://github.com/rust-lang/crates.io-index"
checksum = "8b870d8c151b6f2fb93e84a13146138f05d02ed11c7e7c54f8826aaaf7c9f184"

[[package]]
name = "proc-macro-hack"
version = "0.5.18"
source = "registry+https://github.com/rust-lang/crates.io-index"
checksum = "99c605b9a0adc77b7211c6b1f722dcb613d68d66859a44f3d485a6da332b0598"

[[package]]
name = "proc-macro-nested"
version = "0.1.6"
source = "registry+https://github.com/rust-lang/crates.io-index"
checksum = "eba180dafb9038b050a4c280019bbedf9f2467b61e5d892dcad585bb57aadc5a"

[[package]]
name = "proc-macro2"
version = "1.0.24"
source = "registry+https://github.com/rust-lang/crates.io-index"
checksum = "1e0704ee1a7e00d7bb417d0770ea303c1bccbabf0ef1667dae92b5967f5f8a71"
dependencies = [
 "unicode-xid",
]

[[package]]
name = "quote"
version = "1.0.7"
source = "registry+https://github.com/rust-lang/crates.io-index"
checksum = "aa563d17ecb180e500da1cfd2b028310ac758de548efdd203e18f283af693f37"
dependencies = [
 "proc-macro2",
]

[[package]]
name = "ryu"
version = "1.0.5"
source = "registry+https://github.com/rust-lang/crates.io-index"
checksum = "71d301d4193d031abdd79ff7e3dd721168a9572ef3fe51a1517aba235bd8f86e"

[[package]]
name = "serde"
version = "1.0.116"
source = "registry+https://github.com/rust-lang/crates.io-index"
checksum = "96fe57af81d28386a513cbc6858332abc6117cfdb5999647c6444b8f43a370a5"
dependencies = [
 "serde_derive",
]

[[package]]
name = "serde_derive"
version = "1.0.116"
source = "registry+https://github.com/rust-lang/crates.io-index"
checksum = "f630a6370fd8e457873b4bd2ffdae75408bc291ba72be773772a4c2a065d9ae8"
dependencies = [
 "proc-macro2",
 "quote",
 "syn",
]

[[package]]
name = "serde_json"
version = "1.0.58"
source = "registry+https://github.com/rust-lang/crates.io-index"
checksum = "a230ea9107ca2220eea9d46de97eddcb04cd00e92d13dda78e478dd33fa82bd4"
dependencies = [
 "itoa",
 "ryu",
 "serde",
]

[[package]]
name = "slab"
version = "0.4.2"
source = "registry+https://github.com/rust-lang/crates.io-index"
checksum = "c111b5bd5695e56cffe5129854aa230b39c93a305372fdbb2668ca2394eea9f8"

[[package]]
name = "syn"
version = "1.0.42"
source = "registry+https://github.com/rust-lang/crates.io-index"
checksum = "9c51d92969d209b54a98397e1b91c8ae82d8c87a7bb87df0b29aa2ad81454228"
dependencies = [
 "proc-macro2",
 "quote",
 "unicode-xid",
]

[[package]]
name = "unicode-xid"
version = "0.2.1"
source = "registry+https://github.com/rust-lang/crates.io-index"
checksum = "f7fe0bb3479651439c9112f72b6c505038574c9fbb575ed1bf3b797fa39dd564"
